// !$*UTF8*$!
{
	archiveVersion = 1;
	classes = {
	};
	objectVersion = 50;
	objects = {

/* Begin PBXBuildFile section */
		763521E1228CCD8E0000BC80 /* AppDelegate.swift in Sources */ = {isa = PBXBuildFile; fileRef = 763521E0228CCD8E0000BC80 /* AppDelegate.swift */; };
		763521E3228CCD8E0000BC80 /* ViewController.swift in Sources */ = {isa = PBXBuildFile; fileRef = 763521E2228CCD8E0000BC80 /* ViewController.swift */; };
		763521E6228CCD8E0000BC80 /* Main.storyboard in Resources */ = {isa = PBXBuildFile; fileRef = 763521E4228CCD8E0000BC80 /* Main.storyboard */; };
		763521E9228CCD8E0000BC80 /* SettingsCodeAlong.xcdatamodeld in Sources */ = {isa = PBXBuildFile; fileRef = 763521E7228CCD8E0000BC80 /* SettingsCodeAlong.xcdatamodeld */; };
		763521EB228CCD8F0000BC80 /* Assets.xcassets in Resources */ = {isa = PBXBuildFile; fileRef = 763521EA228CCD8F0000BC80 /* Assets.xcassets */; };
		763521EE228CCD8F0000BC80 /* LaunchScreen.storyboard in Resources */ = {isa = PBXBuildFile; fileRef = 763521EC228CCD8F0000BC80 /* LaunchScreen.storyboard */; };
		763521F9228CCD8F0000BC80 /* SettingsCodeAlongTests.swift in Sources */ = {isa = PBXBuildFile; fileRef = 763521F8228CCD8F0000BC80 /* SettingsCodeAlongTests.swift */; };
/* End PBXBuildFile section */

/* Begin PBXContainerItemProxy section */
		763521F5228CCD8F0000BC80 /* PBXContainerItemProxy */ = {
			isa = PBXContainerItemProxy;
			containerPortal = 763521D5228CCD8E0000BC80 /* Project object */;
			proxyType = 1;
			remoteGlobalIDString = 763521DC228CCD8E0000BC80;
			remoteInfo = SettingsCodeAlong;
		};
/* End PBXContainerItemProxy section */

/* Begin PBXFileReference section */
		763521DD228CCD8E0000BC80 /* SettingsCodeAlong.app */ = {isa = PBXFileReference; explicitFileType = wrapper.application; includeInIndex = 0; path = SettingsCodeAlong.app; sourceTree = BUILT_PRODUCTS_DIR; };
		763521E0228CCD8E0000BC80 /* AppDelegate.swift */ = {isa = PBXFileReference; lastKnownFileType = sourcecode.swift; path = AppDelegate.swift; sourceTree = "<group>"; };
		763521E2228CCD8E0000BC80 /* ViewController.swift */ = {isa = PBXFileReference; lastKnownFileType = sourcecode.swift; path = ViewController.swift; sourceTree = "<group>"; };
		763521E5228CCD8E0000BC80 /* Base */ = {isa = PBXFileReference; lastKnownFileType = file.storyboard; name = Base; path = Base.lproj/Main.storyboard; sourceTree = "<group>"; };
		763521E8228CCD8E0000BC80 /* SettingsCodeAlong.xcdatamodel */ = {isa = PBXFileReference; lastKnownFileType = wrapper.xcdatamodel; path = SettingsCodeAlong.xcdatamodel; sourceTree = "<group>"; };
		763521EA228CCD8F0000BC80 /* Assets.xcassets */ = {isa = PBXFileReference; lastKnownFileType = folder.assetcatalog; path = Assets.xcassets; sourceTree = "<group>"; };
		763521ED228CCD8F0000BC80 /* Base */ = {isa = PBXFileReference; lastKnownFileType = file.storyboard; name = Base; path = Base.lproj/LaunchScreen.storyboard; sourceTree = "<group>"; };
		763521EF228CCD8F0000BC80 /* Info.plist */ = {isa = PBXFileReference; lastKnownFileType = text.plist.xml; path = Info.plist; sourceTree = "<group>"; };
		763521F4228CCD8F0000BC80 /* SettingsCodeAlongTests.xctest */ = {isa = PBXFileReference; explicitFileType = wrapper.cfbundle; includeInIndex = 0; path = SettingsCodeAlongTests.xctest; sourceTree = BUILT_PRODUCTS_DIR; };
		763521F8228CCD8F0000BC80 /* SettingsCodeAlongTests.swift */ = {isa = PBXFileReference; lastKnownFileType = sourcecode.swift; path = SettingsCodeAlongTests.swift; sourceTree = "<group>"; };
		763521FA228CCD8F0000BC80 /* Info.plist */ = {isa = PBXFileReference; lastKnownFileType = text.plist.xml; path = Info.plist; sourceTree = "<group>"; };
/* End PBXFileReference section */

/* Begin PBXFrameworksBuildPhase section */
		763521DA228CCD8E0000BC80 /* Frameworks */ = {
			isa = PBXFrameworksBuildPhase;
			buildActionMask = 2147483647;
			files = (
			);
			runOnlyForDeploymentPostprocessing = 0;
		};
		763521F1228CCD8F0000BC80 /* Frameworks */ = {
			isa = PBXFrameworksBuildPhase;
			buildActionMask = 2147483647;
			files = (
			);
			runOnlyForDeploymentPostprocessing = 0;
		};
/* End PBXFrameworksBuildPhase section */

/* Begin PBXGroup section */
		763521D4228CCD8E0000BC80 = {
			isa = PBXGroup;
			children = (
				763521DF228CCD8E0000BC80 /* SettingsCodeAlong */,
				763521F7228CCD8F0000BC80 /* SettingsCodeAlongTests */,
				763521DE228CCD8E0000BC80 /* Products */,
			);
			sourceTree = "<group>";
		};
		763521DE228CCD8E0000BC80 /* Products */ = {
			isa = PBXGroup;
			children = (
				763521DD228CCD8E0000BC80 /* SettingsCodeAlong.app */,
				763521F4228CCD8F0000BC80 /* SettingsCodeAlongTests.xctest */,
			);
			name = Products;
			sourceTree = "<group>";
		};
		763521DF228CCD8E0000BC80 /* SettingsCodeAlong */ = {
			isa = PBXGroup;
			children = (
				763521E0228CCD8E0000BC80 /* AppDelegate.swift */,
				763521E2228CCD8E0000BC80 /* ViewController.swift */,
				763521E4228CCD8E0000BC80 /* Main.storyboard */,
				763521EA228CCD8F0000BC80 /* Assets.xcassets */,
				763521EC228CCD8F0000BC80 /* LaunchScreen.storyboard */,
				763521EF228CCD8F0000BC80 /* Info.plist */,
				763521E7228CCD8E0000BC80 /* SettingsCodeAlong.xcdatamodeld */,
			);
			path = SettingsCodeAlong;
			sourceTree = "<group>";
		};
		763521F7228CCD8F0000BC80 /* SettingsCodeAlongTests */ = {
			isa = PBXGroup;
			children = (
				763521F8228CCD8F0000BC80 /* SettingsCodeAlongTests.swift */,
				763521FA228CCD8F0000BC80 /* Info.plist */,
			);
			path = SettingsCodeAlongTests;
			sourceTree = "<group>";
		};
/* End PBXGroup section */

/* Begin PBXNativeTarget section */
		763521DC228CCD8E0000BC80 /* SettingsCodeAlong */ = {
			isa = PBXNativeTarget;
			buildConfigurationList = 763521FD228CCD8F0000BC80 /* Build configuration list for PBXNativeTarget "SettingsCodeAlong" */;
			buildPhases = (
				763521D9228CCD8E0000BC80 /* Sources */,
				763521DA228CCD8E0000BC80 /* Frameworks */,
				763521DB228CCD8E0000BC80 /* Resources */,
			);
			buildRules = (
			);
			dependencies = (
			);
			name = SettingsCodeAlong;
			productName = SettingsCodeAlong;
			productReference = 763521DD228CCD8E0000BC80 /* SettingsCodeAlong.app */;
			productType = "com.apple.product-type.application";
		};
		763521F3228CCD8F0000BC80 /* SettingsCodeAlongTests */ = {
			isa = PBXNativeTarget;
			buildConfigurationList = 76352200228CCD8F0000BC80 /* Build configuration list for PBXNativeTarget "SettingsCodeAlongTests" */;
			buildPhases = (
				763521F0228CCD8F0000BC80 /* Sources */,
				763521F1228CCD8F0000BC80 /* Frameworks */,
				763521F2228CCD8F0000BC80 /* Resources */,
			);
			buildRules = (
			);
			dependencies = (
				763521F6228CCD8F0000BC80 /* PBXTargetDependency */,
			);
			name = SettingsCodeAlongTests;
			productName = SettingsCodeAlongTests;
			productReference = 763521F4228CCD8F0000BC80 /* SettingsCodeAlongTests.xctest */;
			productType = "com.apple.product-type.bundle.unit-test";
		};
/* End PBXNativeTarget section */

/* Begin PBXProject section */
		763521D5228CCD8E0000BC80 /* Project object */ = {
			isa = PBXProject;
			attributes = {
				LastSwiftUpdateCheck = 1020;
				LastUpgradeCheck = 1020;
				ORGANIZATIONNAME = "Chelsea Troy";
				TargetAttributes = {
					763521DC228CCD8E0000BC80 = {
						CreatedOnToolsVersion = 10.2;
					};
					763521F3228CCD8F0000BC80 = {
						CreatedOnToolsVersion = 10.2;
						TestTargetID = 763521DC228CCD8E0000BC80;
					};
				};
			};
			buildConfigurationList = 763521D8228CCD8E0000BC80 /* Build configuration list for PBXProject "SettingsCodeAlong" */;
			compatibilityVersion = "Xcode 9.3";
			developmentRegion = en;
			hasScannedForEncodings = 0;
			knownRegions = (
				en,
				Base,
			);
			mainGroup = 763521D4228CCD8E0000BC80;
			productRefGroup = 763521DE228CCD8E0000BC80 /* Products */;
			projectDirPath = "";
			projectRoot = "";
			targets = (
				763521DC228CCD8E0000BC80 /* SettingsCodeAlong */,
				763521F3228CCD8F0000BC80 /* SettingsCodeAlongTests */,
			);
		};
/* End PBXProject section */

/* Begin PBXResourcesBuildPhase section */
		763521DB228CCD8E0000BC80 /* Resources */ = {
			isa = PBXResourcesBuildPhase;
			buildActionMask = 2147483647;
			files = (
				763521EE228CCD8F0000BC80 /* LaunchScreen.storyboard in Resources */,
				763521EB228CCD8F0000BC80 /* Assets.xcassets in Resources */,
				763521E6228CCD8E0000BC80 /* Main.storyboard in Resources */,
			);
			runOnlyForDeploymentPostprocessing = 0;
		};
		763521F2228CCD8F0000BC80 /* Resources */ = {
			isa = PBXResourcesBuildPhase;
			buildActionMask = 2147483647;
			files = (
			);
			runOnlyForDeploymentPostprocessing = 0;
		};
/* End PBXResourcesBuildPhase section */

/* Begin PBXSourcesBuildPhase section */
		763521D9228CCD8E0000BC80 /* Sources */ = {
			isa = PBXSourcesBuildPhase;
			buildActionMask = 2147483647;
			files = (
				763521E3228CCD8E0000BC80 /* ViewController.swift in Sources */,
				763521E1228CCD8E0000BC80 /* AppDelegate.swift in Sources */,
				763521E9228CCD8E0000BC80 /* SettingsCodeAlong.xcdatamodeld in Sources */,
			);
			runOnlyForDeploymentPostprocessing = 0;
		};
		763521F0228CCD8F0000BC80 /* Sources */ = {
			isa = PBXSourcesBuildPhase;
			buildActionMask = 2147483647;
			files = (
				763521F9228CCD8F0000BC80 /* SettingsCodeAlongTests.swift in Sources */,
			);
			runOnlyForDeploymentPostprocessing = 0;
		};
/* End PBXSourcesBuildPhase section */

/* Begin PBXTargetDependency section */
		763521F6228CCD8F0000BC80 /* PBXTargetDependency */ = {
			isa = PBXTargetDependency;
			target = 763521DC228CCD8E0000BC80 /* SettingsCodeAlong */;
			targetProxy = 763521F5228CCD8F0000BC80 /* PBXContainerItemProxy */;
		};
/* End PBXTargetDependency section */

/* Begin PBXVariantGroup section */
		763521E4228CCD8E0000BC80 /* Main.storyboard */ = {
			isa = PBXVariantGroup;
			children = (
				763521E5228CCD8E0000BC80 /* Base */,
			);
			name = Main.storyboard;
			sourceTree = "<group>";
		};
		763521EC228CCD8F0000BC80 /* LaunchScreen.storyboard */ = {
			isa = PBXVariantGroup;
			children = (
				763521ED228CCD8F0000BC80 /* Base */,
			);
			name = LaunchScreen.storyboard;
			sourceTree = "<group>";
		};
/* End PBXVariantGroup section */

/* Begin XCBuildConfiguration section */
		763521FB228CCD8F0000BC80 /* Debug */ = {
			isa = XCBuildConfiguration;
			buildSettings = {
				ALWAYS_SEARCH_USER_PATHS = NO;
				CLANG_ANALYZER_NONNULL = YES;
				CLANG_ANALYZER_NUMBER_OBJECT_CONVERSION = YES_AGGRESSIVE;
				CLANG_CXX_LANGUAGE_STANDARD = "gnu++14";
				CLANG_CXX_LIBRARY = "libc++";
				CLANG_ENABLE_MODULES = YES;
				CLANG_ENABLE_OBJC_ARC = YES;
				CLANG_ENABLE_OBJC_WEAK = YES;
				CLANG_WARN_BLOCK_CAPTURE_AUTORELEASING = YES;
				CLANG_WARN_BOOL_CONVERSION = YES;
				CLANG_WARN_COMMA = YES;
				CLANG_WARN_CONSTANT_CONVERSION = YES;
				CLANG_WARN_DEPRECATED_OBJC_IMPLEMENTATIONS = YES;
				CLANG_WARN_DIRECT_OBJC_ISA_USAGE = YES_ERROR;
				CLANG_WARN_DOCUMENTATION_COMMENTS = YES;
				CLANG_WARN_EMPTY_BODY = YES;
				CLANG_WARN_ENUM_CONVERSION = YES;
				CLANG_WARN_INFINITE_RECURSION = YES;
				CLANG_WARN_INT_CONVERSION = YES;
				CLANG_WARN_NON_LITERAL_NULL_CONVERSION = YES;
				CLANG_WARN_OBJC_IMPLICIT_RETAIN_SELF = YES;
				CLANG_WARN_OBJC_LITERAL_CONVERSION = YES;
				CLANG_WARN_OBJC_ROOT_CLASS = YES_ERROR;
				CLANG_WARN_RANGE_LOOP_ANALYSIS = YES;
				CLANG_WARN_STRICT_PROTOTYPES = YES;
				CLANG_WARN_SUSPICIOUS_MOVE = YES;
				CLANG_WARN_UNGUARDED_AVAILABILITY = YES_AGGRESSIVE;
				CLANG_WARN_UNREACHABLE_CODE = YES;
				CLANG_WARN__DUPLICATE_METHOD_MATCH = YES;
				CODE_SIGN_IDENTITY = "iPhone Developer";
				COPY_PHASE_STRIP = NO;
				DEBUG_INFORMATION_FORMAT = dwarf;
				ENABLE_STRICT_OBJC_MSGSEND = YES;
				ENABLE_TESTABILITY = YES;
				GCC_C_LANGUAGE_STANDARD = gnu11;
				GCC_DYNAMIC_NO_PIC = NO;
				GCC_NO_COMMON_BLOCKS = YES;
				GCC_OPTIMIZATION_LEVEL = 0;
				GCC_PREPROCESSOR_DEFINITIONS = (
					"DEBUG=1",
					"$(inherited)",
				);
				GCC_WARN_64_TO_32_BIT_CONVERSION = YES;
				GCC_WARN_ABOUT_RETURN_TYPE = YES_ERROR;
				GCC_WARN_UNDECLARED_SELECTOR = YES;
				GCC_WARN_UNINITIALIZED_AUTOS = YES_AGGRESSIVE;
				GCC_WARN_UNUSED_FUNCTION = YES;
				GCC_WARN_UNUSED_VARIABLE = YES;
				IPHONEOS_DEPLOYMENT_TARGET = 12.2;
				MTL_ENABLE_DEBUG_INFO = INCLUDE_SOURCE;
				MTL_FAST_MATH = YES;
				ONLY_ACTIVE_ARCH = YES;
				SDKROOT = iphoneos;
				SWIFT_ACTIVE_COMPILATION_CONDITIONS = DEBUG;
				SWIFT_OPTIMIZATION_LEVEL = "-Onone";
			};
			name = Debug;
		};
		763521FC228CCD8F0000BC80 /* Release */ = {
			isa = XCBuildConfiguration;
			buildSettings = {
				ALWAYS_SEARCH_USER_PATHS = NO;
				CLANG_ANALYZER_NONNULL = YES;
				CLANG_ANALYZER_NUMBER_OBJECT_CONVERSION = YES_AGGRESSIVE;
				CLANG_CXX_LANGUAGE_STANDARD = "gnu++14";
				CLANG_CXX_LIBRARY = "libc++";
				CLANG_ENABLE_MODULES = YES;
				CLANG_ENABLE_OBJC_ARC = YES;
				CLANG_ENABLE_OBJC_WEAK = YES;
				CLANG_WARN_BLOCK_CAPTURE_AUTORELEASING = YES;
				CLANG_WARN_BOOL_CONVERSION = YES;
				CLANG_WARN_COMMA = YES;
				CLANG_WARN_CONSTANT_CONVERSION = YES;
				CLANG_WARN_DEPRECATED_OBJC_IMPLEMENTATIONS = YES;
				CLANG_WARN_DIRECT_OBJC_ISA_USAGE = YES_ERROR;
				CLANG_WARN_DOCUMENTATION_COMMENTS = YES;
				CLANG_WARN_EMPTY_BODY = YES;
				CLANG_WARN_ENUM_CONVERSION = YES;
				CLANG_WARN_INFINITE_RECURSION = YES;
				CLANG_WARN_INT_CONVERSION = YES;
				CLANG_WARN_NON_LITERAL_NULL_CONVERSION = YES;
				CLANG_WARN_OBJC_IMPLICIT_RETAIN_SELF = YES;
				CLANG_WARN_OBJC_LITERAL_CONVERSION = YES;
				CLANG_WARN_OBJC_ROOT_CLASS = YES_ERROR;
				CLANG_WARN_RANGE_LOOP_ANALYSIS = YES;
				CLANG_WARN_STRICT_PROTOTYPES = YES;
				CLANG_WARN_SUSPICIOUS_MOVE = YES;
				CLANG_WARN_UNGUARDED_AVAILABILITY = YES_AGGRESSIVE;
				CLANG_WARN_UNREACHABLE_CODE = YES;
				CLANG_WARN__DUPLICATE_METHOD_MATCH = YES;
				CODE_SIGN_IDENTITY = "iPhone Developer";
				COPY_PHASE_STRIP = NO;
				DEBUG_INFORMATION_FORMAT = "dwarf-with-dsym";
				ENABLE_NS_ASSERTIONS = NO;
				ENABLE_STRICT_OBJC_MSGSEND = YES;
				GCC_C_LANGUAGE_STANDARD = gnu11;
				GCC_NO_COMMON_BLOCKS = YES;
				GCC_WARN_64_TO_32_BIT_CONVERSION = YES;
				GCC_WARN_ABOUT_RETURN_TYPE = YES_ERROR;
				GCC_WARN_UNDECLARED_SELECTOR = YES;
				GCC_WARN_UNINITIALIZED_AUTOS = YES_AGGRESSIVE;
				GCC_WARN_UNUSED_FUNCTION = YES;
				GCC_WARN_UNUSED_VARIABLE = YES;
				IPHONEOS_DEPLOYMENT_TARGET = 12.2;
				MTL_ENABLE_DEBUG_INFO = NO;
				MTL_FAST_MATH = YES;
				SDKROOT = iphoneos;
				SWIFT_COMPILATION_MODE = wholemodule;
				SWIFT_OPTIMIZATION_LEVEL = "-O";
				VALIDATE_PRODUCT = YES;
			};
			name = Release;
		};
		763521FE228CCD8F0000BC80 /* Debug */ = {
			isa = XCBuildConfiguration;
			buildSettings = {
				ASSETCATALOG_COMPILER_APPICON_NAME = AppIcon;
				CODE_SIGN_STYLE = Automatic;
				DEVELOPMENT_TEAM = LPZFZF3JV9;
				INFOPLIST_FILE = SettingsCodeAlong/Info.plist;
				LD_RUNPATH_SEARCH_PATHS = (
					"$(inherited)",
					"@executable_path/Frameworks",
				);
				PRODUCT_BUNDLE_IDENTIFIER = chelseatroy.SettingsCodeAlong;
				PRODUCT_NAME = "$(TARGET_NAME)";
				SWIFT_VERSION = 5.0;
				TARGETED_DEVICE_FAMILY = "1,2";
			};
			name = Debug;
		};
		763521FF228CCD8F0000BC80 /* Release */ = {
			isa = XCBuildConfiguration;
			buildSettings = {
				ASSETCATALOG_COMPILER_APPICON_NAME = AppIcon;
				CODE_SIGN_STYLE = Automatic;
				DEVELOPMENT_TEAM = LPZFZF3JV9;
				INFOPLIST_FILE = SettingsCodeAlong/Info.plist;
				LD_RUNPATH_SEARCH_PATHS = (
					"$(inherited)",
					"@executable_path/Frameworks",
				);
				PRODUCT_BUNDLE_IDENTIFIER = chelseatroy.SettingsCodeAlong;
				PRODUCT_NAME = "$(TARGET_NAME)";
				SWIFT_VERSION = 5.0;
				TARGETED_DEVICE_FAMILY = "1,2";
			};
			name = Release;
		};
		76352201228CCD8F0000BC80 /* Debug */ = {
			isa = XCBuildConfiguration;
			buildSettings = {
				ALWAYS_EMBED_SWIFT_STANDARD_LIBRARIES = YES;
				BUNDLE_LOADER = "$(TEST_HOST)";
				CODE_SIGN_STYLE = Automatic;
				DEVELOPMENT_TEAM = LPZFZF3JV9;
				INFOPLIST_FILE = SettingsCodeAlongTests/Info.plist;
				LD_RUNPATH_SEARCH_PATHS = (
					"$(inherited)",
					"@executable_path/Frameworks",
					"@loader_path/Frameworks",
				);
				PRODUCT_BUNDLE_IDENTIFIER = chelseatroy.SettingsCodeAlongTests;
				PRODUCT_NAME = "$(TARGET_NAME)";
				SWIFT_VERSION = 5.0;
				TARGETED_DEVICE_FAMILY = "1,2";
				TEST_HOST = "$(BUILT_PRODUCTS_DIR)/SettingsCodeAlong.app/SettingsCodeAlong";
			};
			name = Debug;
		};
		76352202228CCD8F0000BC80 /* Release */ = {
			isa = XCBuildConfiguration;
			buildSettings = {
				ALWAYS_EMBED_SWIFT_STANDARD_LIBRARIES = YES;
				BUNDLE_LOADER = "$(TEST_HOST)";
				CODE_SIGN_STYLE = Automatic;
				DEVELOPMENT_TEAM = LPZFZF3JV9;
				INFOPLIST_FILE = SettingsCodeAlongTests/Info.plist;
				LD_RUNPATH_SEARCH_PATHS = (
					"$(inherited)",
					"@executable_path/Frameworks",
					"@loader_path/Frameworks",
				);
				PRODUCT_BUNDLE_IDENTIFIER = chelseatroy.SettingsCodeAlongTests;
				PRODUCT_NAME = "$(TARGET_NAME)";
				SWIFT_VERSION = 5.0;
				TARGETED_DEVICE_FAMILY = "1,2";
				TEST_HOST = "$(BUILT_PRODUCTS_DIR)/SettingsCodeAlong.app/SettingsCodeAlong";
			};
			name = Release;
		};
/* End XCBuildConfiguration section */

/* Begin XCConfigurationList section */
		763521D8228CCD8E0000BC80 /* Build configuration list for PBXProject "SettingsCodeAlong" */ = {
			isa = XCConfigurationList;
			buildConfigurations = (
				763521FB228CCD8F0000BC80 /* Debug */,
				763521FC228CCD8F0000BC80 /* Release */,
			);
			defaultConfigurationIsVisible = 0;
			defaultConfigurationName = Release;
		};
		763521FD228CCD8F0000BC80 /* Build configuration list for PBXNativeTarget "SettingsCodeAlong" */ = {
			isa = XCConfigurationList;
			buildConfigurations = (
				763521FE228CCD8F0000BC80 /* Debug */,
				763521FF228CCD8F0000BC80 /* Release */,
			);
			defaultConfigurationIsVisible = 0;
			defaultConfigurationName = Release;
		};
		76352200228CCD8F0000BC80 /* Build configuration list for PBXNativeTarget "SettingsCodeAlongTests" */ = {
			isa = XCConfigurationList;
			buildConfigurations = (
				76352201228CCD8F0000BC80 /* Debug */,
				76352202228CCD8F0000BC80 /* Release */,
			);
			defaultConfigurationIsVisible = 0;
			defaultConfigurationName = Release;
		};
/* End XCConfigurationList section */

/* Begin XCVersionGroup section */
		763521E7228CCD8E0000BC80 /* SettingsCodeAlong.xcdatamodeld */ = {
			isa = XCVersionGroup;
			children = (
				763521E8228CCD8E0000BC80 /* SettingsCodeAlong.xcdatamodel */,
			);
			currentVersion = 763521E8228CCD8E0000BC80 /* SettingsCodeAlong.xcdatamodel */;
			path = SettingsCodeAlong.xcdatamodeld;
			sourceTree = "<group>";
			versionGroupType = wrapper.xcdatamodel;
		};
/* End XCVersionGroup section */
	};
	rootObject = 763521D5228CCD8E0000BC80 /* Project object */;
}
